
Microsoft Visual Studio Solution File, Format Version 12.00
# Visual Studio Version 17
VisualStudioVersion = 17.8.34330.188
MinimumVisualStudioVersion = 10.0.40219.1
Project("{FAE04EC0-301F-11D3-BF4B-00C04F79EFBC}") = "Tema3", "Tema3\Tema3.csproj", "{926F16A8-C03A-446F-97B3-CC1DBC28426C}"
EndProject
Global
	GlobalSection(SolutionConfigurationPlatforms) = preSolution
		Debug|Any CPU = Debug|Any CPU
		Release|Any CPU = Release|Any CPU
	EndGlobalSection
	GlobalSection(ProjectConfigurationPlatforms) = postSolution
		{926F16A8-C03A-446F-97B3-CC1DBC28426C}.Debug|Any CPU.ActiveCfg = Debug|Any CPU
		{926F16A8-C03A-446F-97B3-CC1DBC28426C}.Debug|Any CPU.Build.0 = Debug|Any CPU
		{926F16A8-C03A-446F-97B3-CC1DBC28426C}.Release|Any CPU.ActiveCfg = Release|Any CPU
		{926F16A8-C03A-446F-97B3-CC1DBC28426C}.Release|Any CPU.Build.0 = Release|Any CPU
	EndGlobalSection
	GlobalSection(SolutionProperties) = preSolution
		HideSolutionNode = FALSE
	EndGlobalSection
	GlobalSection(ExtensibilityGlobals) = postSolution
		SolutionGuid = {A5CE647F-39FF-4245-978E-A4F3127536BF}
	EndGlobalSection
EndGlobal
